
Microsoft Visual Studio Solution File, Format Version 12.00
# Visual Studio Version 17
VisualStudioVersion = 17.6.33723.286
MinimumVisualStudioVersion = 10.0.40219.1
Project("{FAE04EC0-301F-11D3-BF4B-00C04F79EFBC}") = "WebApplication-MVC", "WebApplication-MVC.csproj", "{BA18DB8D-F45F-426C-A3B9-0BE9D3E5EE63}"
EndProject
Global
	GlobalSection(SolutionConfigurationPlatforms) = preSolution
		Debug|Any CPU = Debug|Any CPU
		Release|Any CPU = Release|Any CPU
	EndGlobalSection
	GlobalSection(ProjectConfigurationPlatforms) = postSolution
		{BA18DB8D-F45F-426C-A3B9-0BE9D3E5EE63}.Debug|Any CPU.ActiveCfg = Debug|Any CPU
		{BA18DB8D-F45F-426C-A3B9-0BE9D3E5EE63}.Debug|Any CPU.Build.0 = Debug|Any CPU
		{BA18DB8D-F45F-426C-A3B9-0BE9D3E5EE63}.Release|Any CPU.ActiveCfg = Release|Any CPU
		{BA18DB8D-F45F-426C-A3B9-0BE9D3E5EE63}.Release|Any CPU.Build.0 = Release|Any CPU
	EndGlobalSection
	GlobalSection(SolutionProperties) = preSolution
		HideSolutionNode = FALSE
	EndGlobalSection
	GlobalSection(ExtensibilityGlobals) = postSolution
		SolutionGuid = {2D5C0D63-F177-4D3C-A54B-655118B95431}
	EndGlobalSection
EndGlobal
